
Microsoft Visual Studio Solution File, Format Version 12.00
# Visual Studio Version 17
VisualStudioVersion = 17.8.34322.80
MinimumVisualStudioVersion = 10.0.40219.1
Project("{FAE04EC0-301F-11D3-BF4B-00C04F79EFBC}") = "chokolad", "chokolad\chokolad.csproj", "{1A0345C2-66C2-46DF-AC71-E480DFB996A5}"
EndProject
Global
	GlobalSection(SolutionConfigurationPlatforms) = preSolution
		Debug|Any CPU = Debug|Any CPU
		Release|Any CPU = Release|Any CPU
	EndGlobalSection
	GlobalSection(ProjectConfigurationPlatforms) = postSolution
		{1A0345C2-66C2-46DF-AC71-E480DFB996A5}.Debug|Any CPU.ActiveCfg = Debug|Any CPU
		{1A0345C2-66C2-46DF-AC71-E480DFB996A5}.Debug|Any CPU.Build.0 = Debug|Any CPU
		{1A0345C2-66C2-46DF-AC71-E480DFB996A5}.Release|Any CPU.ActiveCfg = Release|Any CPU
		{1A0345C2-66C2-46DF-AC71-E480DFB996A5}.Release|Any CPU.Build.0 = Release|Any CPU
	EndGlobalSection
	GlobalSection(SolutionProperties) = preSolution
		HideSolutionNode = FALSE
	EndGlobalSection
	GlobalSection(ExtensibilityGlobals) = postSolution
		SolutionGuid = {6544F3ED-ECFE-4B1D-9332-1E4CADBC12D3}
	EndGlobalSection
EndGlobal
